
Microsoft Visual Studio Solution File, Format Version 12.00
# Visual Studio Version 16
VisualStudioVersion = 16.0.31025.194
MinimumVisualStudioVersion = 10.0.40219.1
Project("{2150E333-8FDC-42A3-9474-1A3956D46DE8}") = "src", "src", "{F899367D-2498-4A28-9BCA-599C47DCA1F6}"
EndProject
Project("{2150E333-8FDC-42A3-9474-1A3956D46DE8}") = "tests", "tests", "{FDD2DE81-A798-43C8-AA41-90D8CBA0B420}"
EndProject
Project("{9A19103F-16F7-4668-BE54-9A1E7A4F7556}") = "Application", "src\Application\Application.csproj", "{0BDD0DCB-BFB0-4D48-8830-396DCD7E28EE}"
EndProject
Project("{9A19103F-16F7-4668-BE54-9A1E7A4F7556}") = "Domain", "src\Domain\Domain.csproj", "{F72E3475-D08D-41E0-B0BE-E5006A9422F2}"
EndProject
Project("{9A19103F-16F7-4668-BE54-9A1E7A4F7556}") = "Infrastructure", "src\Infrastructure\Infrastructure.csproj", "{7E0EFFF5-B1C1-432A-830B-FE8819936288}"
EndProject
Project("{9A19103F-16F7-4668-BE54-9A1E7A4F7556}") = "API", "src\API\API.csproj", "{90BC6CEA-4F66-4765-8C60-ED0170711032}"
	ProjectSection(ProjectDependencies) = postProject
		{0BDD0DCB-BFB0-4D48-8830-396DCD7E28EE} = {0BDD0DCB-BFB0-4D48-8830-396DCD7E28EE}
		{7E0EFFF5-B1C1-432A-830B-FE8819936288} = {7E0EFFF5-B1C1-432A-830B-FE8819936288}
	EndProjectSection
EndProject
Project("{2150E333-8FDC-42A3-9474-1A3956D46DE8}") = "db", "db", "{2178C76B-CEED-4453-8184-3CB863866680}"
EndProject
Project("{00D1A9C2-B5F0-4AF3-8072-F6C62B433612}") = "Attender", "db\Attender\Attender.sqlproj", "{179FBE28-3081-4A8E-8D5E-7648D29D615A}"
EndProject
Global
	GlobalSection(SolutionConfigurationPlatforms) = preSolution
		Debug|Any CPU = Debug|Any CPU
		Release|Any CPU = Release|Any CPU
	EndGlobalSection
	GlobalSection(ProjectConfigurationPlatforms) = postSolution
		{0BDD0DCB-BFB0-4D48-8830-396DCD7E28EE}.Debug|Any CPU.ActiveCfg = Debug|Any CPU
		{0BDD0DCB-BFB0-4D48-8830-396DCD7E28EE}.Debug|Any CPU.Build.0 = Debug|Any CPU
		{0BDD0DCB-BFB0-4D48-8830-396DCD7E28EE}.Release|Any CPU.ActiveCfg = Release|Any CPU
		{0BDD0DCB-BFB0-4D48-8830-396DCD7E28EE}.Release|Any CPU.Build.0 = Release|Any CPU
		{F72E3475-D08D-41E0-B0BE-E5006A9422F2}.Debug|Any CPU.ActiveCfg = Debug|Any CPU
		{F72E3475-D08D-41E0-B0BE-E5006A9422F2}.Debug|Any CPU.Build.0 = Debug|Any CPU
		{F72E3475-D08D-41E0-B0BE-E5006A9422F2}.Release|Any CPU.ActiveCfg = Release|Any CPU
		{F72E3475-D08D-41E0-B0BE-E5006A9422F2}.Release|Any CPU.Build.0 = Release|Any CPU
		{7E0EFFF5-B1C1-432A-830B-FE8819936288}.Debug|Any CPU.ActiveCfg = Debug|Any CPU
		{7E0EFFF5-B1C1-432A-830B-FE8819936288}.Debug|Any CPU.Build.0 = Debug|Any CPU
		{7E0EFFF5-B1C1-432A-830B-FE8819936288}.Release|Any CPU.ActiveCfg = Release|Any CPU
		{7E0EFFF5-B1C1-432A-830B-FE8819936288}.Release|Any CPU.Build.0 = Release|Any CPU
		{90BC6CEA-4F66-4765-8C60-ED0170711032}.Debug|Any CPU.ActiveCfg = Debug|Any CPU
		{90BC6CEA-4F66-4765-8C60-ED0170711032}.Debug|Any CPU.Build.0 = Debug|Any CPU
		{90BC6CEA-4F66-4765-8C60-ED0170711032}.Release|Any CPU.ActiveCfg = Release|Any CPU
		{90BC6CEA-4F66-4765-8C60-ED0170711032}.Release|Any CPU.Build.0 = Release|Any CPU
		{179FBE28-3081-4A8E-8D5E-7648D29D615A}.Debug|Any CPU.ActiveCfg = Debug|Any CPU
		{179FBE28-3081-4A8E-8D5E-7648D29D615A}.Debug|Any CPU.Build.0 = Debug|Any CPU
		{179FBE28-3081-4A8E-8D5E-7648D29D615A}.Debug|Any CPU.Deploy.0 = Debug|Any CPU
		{179FBE28-3081-4A8E-8D5E-7648D29D615A}.Release|Any CPU.ActiveCfg = Release|Any CPU
		{179FBE28-3081-4A8E-8D5E-7648D29D615A}.Release|Any CPU.Build.0 = Release|Any CPU
		{179FBE28-3081-4A8E-8D5E-7648D29D615A}.Release|Any CPU.Deploy.0 = Release|Any CPU
	EndGlobalSection
	GlobalSection(SolutionProperties) = preSolution
		HideSolutionNode = FALSE
	EndGlobalSection
	GlobalSection(NestedProjects) = preSolution
		{0BDD0DCB-BFB0-4D48-8830-396DCD7E28EE} = {F899367D-2498-4A28-9BCA-599C47DCA1F6}
		{F72E3475-D08D-41E0-B0BE-E5006A9422F2} = {F899367D-2498-4A28-9BCA-599C47DCA1F6}
		{7E0EFFF5-B1C1-432A-830B-FE8819936288} = {F899367D-2498-4A28-9BCA-599C47DCA1F6}
		{90BC6CEA-4F66-4765-8C60-ED0170711032} = {F899367D-2498-4A28-9BCA-599C47DCA1F6}
		{179FBE28-3081-4A8E-8D5E-7648D29D615A} = {2178C76B-CEED-4453-8184-3CB863866680}
	EndGlobalSection
	GlobalSection(ExtensibilityGlobals) = postSolution
		SolutionGuid = {3C95EED2-D2E1-4DEC-A43F-8F51585CD4D8}
	EndGlobalSection
EndGlobal
